
Microsoft Visual Studio Solution File, Format Version 11.00
# Visual Studio 2010
Project("{FAE04EC0-301F-11D3-BF4B-00C04F79EFBC}") = "Avaruz.FrameWork.Infraestructure", "Avaruz.FrameWork.Infraestructure\Avaruz.FrameWork.Infraestructure.csproj", "{13CBCC40-A377-4ADB-82D4-E0FF45509934}"
EndProject
Global
	GlobalSection(SolutionConfigurationPlatforms) = preSolution
		Debug|Any CPU = Debug|Any CPU
		Release|Any CPU = Release|Any CPU
	EndGlobalSection
	GlobalSection(ProjectConfigurationPlatforms) = postSolution
		{13CBCC40-A377-4ADB-82D4-E0FF45509934}.Debug|Any CPU.ActiveCfg = Debug|Any CPU
		{13CBCC40-A377-4ADB-82D4-E0FF45509934}.Debug|Any CPU.Build.0 = Debug|Any CPU
		{13CBCC40-A377-4ADB-82D4-E0FF45509934}.Release|Any CPU.ActiveCfg = Release|Any CPU
		{13CBCC40-A377-4ADB-82D4-E0FF45509934}.Release|Any CPU.Build.0 = Release|Any CPU
	EndGlobalSection
	GlobalSection(SolutionProperties) = preSolution
		HideSolutionNode = FALSE
	EndGlobalSection
EndGlobal
