
Microsoft Visual Studio Solution File, Format Version 12.00
# Visual Studio Version 16
VisualStudioVersion = 16.0.28803.352
MinimumVisualStudioVersion = 10.0.40219.1
Project("{9A19103F-16F7-4668-BE54-9A1E7A4F7556}") = "Utils", "Utils\Utils.csproj", "{93030756-2C8D-46A4-9584-D783326C6F93}"
EndProject
Project("{9A19103F-16F7-4668-BE54-9A1E7A4F7556}") = "Avaruz.FrameWork.Controls.Win", "Avaruz.FrameWork.Controls.Win\Avaruz.FrameWork.Controls.Win.csproj", "{24A03D61-A902-4847-9714-A2C1F633EA5F}"
EndProject
Global
	GlobalSection(SolutionConfigurationPlatforms) = preSolution
		Debug|Any CPU = Debug|Any CPU
		Release|Any CPU = Release|Any CPU
	EndGlobalSection
	GlobalSection(ProjectConfigurationPlatforms) = postSolution
		{93030756-2C8D-46A4-9584-D783326C6F93}.Debug|Any CPU.ActiveCfg = Debug|Any CPU
		{93030756-2C8D-46A4-9584-D783326C6F93}.Debug|Any CPU.Build.0 = Debug|Any CPU
		{93030756-2C8D-46A4-9584-D783326C6F93}.Release|Any CPU.ActiveCfg = Release|Any CPU
		{93030756-2C8D-46A4-9584-D783326C6F93}.Release|Any CPU.Build.0 = Release|Any CPU
		{24A03D61-A902-4847-9714-A2C1F633EA5F}.Debug|Any CPU.ActiveCfg = Debug|Any CPU
		{24A03D61-A902-4847-9714-A2C1F633EA5F}.Debug|Any CPU.Build.0 = Debug|Any CPU
		{24A03D61-A902-4847-9714-A2C1F633EA5F}.Release|Any CPU.ActiveCfg = Release|Any CPU
		{24A03D61-A902-4847-9714-A2C1F633EA5F}.Release|Any CPU.Build.0 = Release|Any CPU
	EndGlobalSection
	GlobalSection(SolutionProperties) = preSolution
		HideSolutionNode = FALSE
	EndGlobalSection
	GlobalSection(ExtensibilityGlobals) = postSolution
		SolutionGuid = {42C63F44-F7D0-4956-90A1-C0ECEDF9777C}
	EndGlobalSection
EndGlobal
