
Microsoft Visual Studio Solution File, Format Version 12.00
# Visual Studio Version 17
VisualStudioVersion = 17.7.34221.43
MinimumVisualStudioVersion = 10.0.40219.1
Project("{9A19103F-16F7-4668-BE54-9A1E7A4F7556}") = "Avaruz.FrameWork.SourceGenerators", "Avaruz.FrameWork.SourceGenerators.csproj", "{DB50B987-CEE3-47E2-9649-70050AA49886}"
EndProject
Project("{FAE04EC0-301F-11D3-BF4B-00C04F79EFBC}") = "TestProject1", "..\TestProject1\TestProject1.csproj", "{3CC6EB17-BDCD-4B5E-82D2-0762047E3E6D}"
EndProject
Global
	GlobalSection(SolutionConfigurationPlatforms) = preSolution
		Debug|Any CPU = Debug|Any CPU
		Release|Any CPU = Release|Any CPU
	EndGlobalSection
	GlobalSection(ProjectConfigurationPlatforms) = postSolution
		{DB50B987-CEE3-47E2-9649-70050AA49886}.Debug|Any CPU.ActiveCfg = Debug|Any CPU
		{DB50B987-CEE3-47E2-9649-70050AA49886}.Debug|Any CPU.Build.0 = Debug|Any CPU
		{DB50B987-CEE3-47E2-9649-70050AA49886}.Release|Any CPU.ActiveCfg = Release|Any CPU
		{DB50B987-CEE3-47E2-9649-70050AA49886}.Release|Any CPU.Build.0 = Release|Any CPU
		{3CC6EB17-BDCD-4B5E-82D2-0762047E3E6D}.Debug|Any CPU.ActiveCfg = Debug|Any CPU
		{3CC6EB17-BDCD-4B5E-82D2-0762047E3E6D}.Debug|Any CPU.Build.0 = Debug|Any CPU
		{3CC6EB17-BDCD-4B5E-82D2-0762047E3E6D}.Release|Any CPU.ActiveCfg = Release|Any CPU
		{3CC6EB17-BDCD-4B5E-82D2-0762047E3E6D}.Release|Any CPU.Build.0 = Release|Any CPU
	EndGlobalSection
	GlobalSection(SolutionProperties) = preSolution
		HideSolutionNode = FALSE
	EndGlobalSection
	GlobalSection(ExtensibilityGlobals) = postSolution
		SolutionGuid = {9BDE48F9-E268-4F8D-9452-CE1800BB4D4F}
	EndGlobalSection
EndGlobal
