
Microsoft Visual Studio Solution File, Format Version 11.00
# Visual Studio 2010
Project("{FAE04EC0-301F-11D3-BF4B-00C04F79EFBC}") = "Avaruz.FrameWork.DAF", "CS\Avaruz.FrameWork.DAF.csproj", "{83F2394E-C68A-457C-B660-9184FE5C7580}"
EndProject
Global
	GlobalSection(SolutionConfigurationPlatforms) = preSolution
		Debug|Any CPU = Debug|Any CPU
		Release|Any CPU = Release|Any CPU
		Solo pruebas|Any CPU = Solo pruebas|Any CPU
	EndGlobalSection
	GlobalSection(ProjectConfigurationPlatforms) = postSolution
		{83F2394E-C68A-457C-B660-9184FE5C7580}.Debug|Any CPU.ActiveCfg = Debug|Any CPU
		{83F2394E-C68A-457C-B660-9184FE5C7580}.Debug|Any CPU.Build.0 = Debug|Any CPU
		{83F2394E-C68A-457C-B660-9184FE5C7580}.Release|Any CPU.ActiveCfg = Release|Any CPU
		{83F2394E-C68A-457C-B660-9184FE5C7580}.Release|Any CPU.Build.0 = Release|Any CPU
		{83F2394E-C68A-457C-B660-9184FE5C7580}.Solo pruebas|Any CPU.ActiveCfg = Solo pruebas|Any CPU
		{83F2394E-C68A-457C-B660-9184FE5C7580}.Solo pruebas|Any CPU.Build.0 = Solo pruebas|Any CPU
	EndGlobalSection
	GlobalSection(SolutionProperties) = preSolution
		HideSolutionNode = FALSE
	EndGlobalSection
EndGlobal
